Constr 0 [
  Constr 0 [
    List [
      Constr 0 [
        Constr 0 [
          Constr 0 [
            B \\\"\\\\173\\\\SUB\\\\200\\\\GS+\\\\ETX\\\\152\\\\SOH\\\\SOH(J[\\\\205\\\\234\\\\CAN\\\\253wD17\\\\173\\\\225\\\\245S\\\\228\\\\198\\\\168p>\\\\223\\\\134\\\\151\\\"
          ],
          I 0
        ],
        Constr 0 [
          Constr 0 [
            Constr 1 [
              B \\\"\\\\n\\\\176\\\\193$\\\\SYN\\\\197r\\\\EMi\\\\230\\\\164\\\\229\\\\186=\\\\n\\\\139\\\\207\\\\134'd\\\\188B\\\\164\\\\216\\\\241\\\\129-R\\\"
            ],
            Constr 1 []
          ],
          Map [
            (B \\\"\\\", Map [(B \\\"\\\",I 2000000)])
          ],
          Constr 2 [
            Constr 0 [
              Constr 0 [
                B \\\"f\\\\231\\\\171s\\\\148\\\\&5\\\\227\\\\GS<LA\\\\151\\\\214\\\\204\\\\b\\\\193\\\\238[\\\\231\\\\&0\\\\158\\\\DC4$*\\\\a\\\\176\\\\&5A\\\"
              ],
              Constr 0 []
            ]
          ],
          Constr 1 []
        ]
      ],
      Constr 0 [
        Constr 0 [
          Constr 0 [
            B \\\"\\\\173\\\\SUB\\\\200\\\\GS+\\\\ETX\\\\152\\\\SOH\\\\SOH(J[\\\\205\\\\234\\\\CAN\\\\253wD17\\\\173\\\\225\\\\245S\\\\228\\\\198\\\\168p>\\\\223\\\\134\\\\151\\\"
          ],
          I 1
        ],
        Constr 0 [
          Constr 0 [
            Constr 0 [
              B \\\"f\\\\231\\\\171s\\\\148\\\\&5\\\\227\\\\GS<LA\\\\151\\\\214\\\\204\\\\b\\\\193\\\\238[\\\\231\\\\&0\\\\158\\\\DC4$*\\\\a\\\\176\\\\&5A\\\"
            ],
            Constr 1 []
          ],  
          Map [(B \\\"\\\",Map [(B \\\"\\\",I 9981960175)])],
          Constr 0 [],
          Constr 1 []
        ]
      ]
    ],
    List [Constr 0 [Constr 0 [Constr 0 [B \\\"\\\\173\\\\SUB\\\\200\\\\GS+\\\\ETX\\\\152\\\\SOH\\\\SOH(J[\\\\205\\\\234\\\\CAN\\\\253wD17\\\\173\\\\225\\\\245S\\\\228\\\\198\\\\168p>\\\\223\\\\134\\\\151\\\"],I 0],Constr 0 [Constr 0 [Constr 1 [B \\\"\\\\n\\\\176\\\\193$\\\\SYN\\\\197r\\\\EMi\\\\230\\\\164\\\\229\\\\186=\\\\n\\\\139\\\\207\\\\134'd\\\\188B\\\\164\\\\216\\\\241\\\\129-R\\\"],Constr 1 []],Map [(B \\\"\\\",Map [(B \\\"\\\",I 2000000)])],Constr 2 [Constr 0 [Constr 0 [B \\\"f\\\\231\\\\171s\\\\148\\\\&5\\\\227\\\\GS<LA\\\\151\\\\214\\\\204\\\\b\\\\193\\\\238[\\\\231\\\\&0\\\\158\\\\DC4$*\\\\a\\\\176\\\\&5A\\\"],Constr 0 []]],Constr 1 []]]],List [Constr 0 [Constr 0 [Constr 1 [B \\\"\\\\n\\\\176\\\\193$\\\\SYN\\\\197r\\\\EMi\\\\230\\\\164\\\\229\\\\186=\\\\n\\\\139\\\\207\\\\134'd\\\\188B\\\\164\\\\216\\\\241\\\\129-R\\\"],Constr 1 []],Map [(B \\\"\\\",Map [(B \\\"\\\",I 2000000)])],Constr 2 [Constr 0 [Constr 0 [B \\\"f\\\\231\\\\171s\\\\148\\\\&5\\\\227\\\\GS<LA\\\\151\\\\214\\\\204\\\\b\\\\193\\\\238[\\\\231\\\\&0\\\\158\\\\DC4$*\\\\a\\\\176\\\\&5A\\\"],Constr 1 [Constr 0 [Constr 0 [B \\\"\\\\173\\\\SUB\\\\200\\\\GS+\\\\ETX\\\\152\\\\SOH\\\\SOH(J[\\\\205\\\\234\\\\CAN\\\\253wD17\\\\173\\\\225\\\\245S\\\\228\\\\198\\\\168p>\\\\223\\\\134\\\\151\\\"],I 0],I 40526685]]],Constr 1 []],Constr 0 [Constr 0 [Constr 0 [B \\\"f\\\\231\\\\171s\\\\148\\\\&5\\\\227\\\\GS<LA\\\\151\\\\214\\\\204\\\\b\\\\193\\\\238[\\\\231\\\\&0\\\\158\\\\DC4$*\\\\a\\\\176\\\\&5A\\\"],Constr 1 []],Map [(B \\\"\\\",Map [(B \\\"\\\",I 9971960175)])],Constr 0 [],Constr 1 []]],Map [(B \\\"\\\",Map [(B \\\"\\\",I 10000000)])],Map [(B \\\"\\\",Map [(B \\\"\\\",I 0)])],List [],Map [],Constr 0 [Constr 0 [Constr 1 [I 1696209385000],Constr 1 []],Constr 0 [Constr 1 [I 1696209585000],Constr 0 []]],List [],Map [(Constr 1 [Constr 0 [Constr 0 [B \\\"\\\\173\\\\SUB\\\\200\\\\GS+\\\\ETX\\\\152\\\\SOH\\\\SOH(J[\\\\205\\\\234\\\\CAN\\\\253wD17\\\\173\\\\225\\\\245S\\\\228\\\\198\\\\168p>\\\\223\\\\134\\\\151\\\"],I 0]],Constr 1 [Constr 0 [Constr 0 [],Constr 1 [],Constr 1 []]])],Map [],Constr 0 [B \\\"\\\\245[\\\\179@\\\\185\\\\128\\\\150Z0\\\\217\\\\SYN/\\\\178\\\\176\\\\143\\\\143V\\\\173\\\\184e\\\\253\\\\199\\\\176\\\\200\\\\&8u\\\\162\\\\176c0\\\\EOT7\\\"]],Constr 1 [Constr 0 [Constr 0 [B \\\"\\\\173\\\\SUB\\\\200\\\\GS+\\\\ETX\\\\152\\\\SOH\\\\SOH(J[\\\\205\\\\234\\\\CAN\\\\253wD17\\\\173\\\\225\\\\245S\\\\228\\\\198\\\\168p>\\\\223\\\\134\\\\151\\\"],I 0]]]\\n\" \"hgCYrxoAAyNhGQMsAQEZA+gZAjsAARkD6BlecQQBGQPoGCAaAAHKdhko6wQZWdgYZBlZ2BhkGVnYGGQZWdgYZBlZ2BhkGVnYGGQYZBhkGVnYGGQZTFEYIBoAAqz6GCAZtVEEGgADYxUZAf8AARoAAVw1GCAaAAeXdRk29AQCGgAC/5QaAAbqeBjcAAEBGQPoGW/2BAIaAAO9CBoAA07FGD4BGgAQLg8ZMSoBGgADLoAZAaUBGgAC2ngZA+gZzwYBGgABOjQYIBmo8RggGQPoGCAaAAE6rAEZ4UMEGQPoChoAAwIZGJwBGgADAhkYnAEaAAMgfBkB2QEaAAMwABkB/wEZzPMYIBn9QBggGf/VGCAZWB4YIBlAsxggGgABKt8YIBoAAv+UGgAG6ngY3AABARoAAQ+SGS2nAAEZ6rsYIBoAAv+UGgAG6ngY3AABARoAAv+UGgAG6ngY3AABARoAEbIsGgAF/d4AAhoADFBOGXcSBBoAHWr2GgABQlsEGgAEDGYABAAaAAFPqxggGgADI2EZAywBARmg3hggGgADPXYYIBl59BggGX+4GCAZqV0YIBl99xggGZWqGCAaAiOszAoaA3T2kxlKHwoaAlFehBmAswqCGgDVn4AbAAAAAlQL5ABZDctZDcgBAAAyMjIyMjIyMjIyMiJTMwBzNw6QABgDAAiZKZmAQZGRkZGRkZGRkZGRkZGRkZKZmAwZuHSACABEzMjABABIiUzMB4AIUoiZGSmZgOmAGAEJmYAoAoAIAYpQMCIAMwIAAgAiMjIzcOACkACbrTAcACN1xgNAAiZGRkZGRmZmRkZGRkYAIAJEREpmYFIAgpREyMjIyUzMCozcOAEkAEKmZgVGYBgAxGbjwAQAhMlMzArMwCwCCMjIyMjJTMwMTN14AIA4mbrzMC0wLwBEgAADBSgYGoAJgagAmBoAEYGQAJgVAAiZmZgFAFACAEADgDCxm6VIAQzAuM3SpAAGYFxm6VIAQzAuN1IAKXrgMwLkwQPYeYAAS9cCXrgFhUzMCozcOAEkACJmZmASASAGAOAMAKKUDdcYFQAZutMCoAIwLQBTArAEMAEAEiJTMwJQAhSgJkZKZmBIYAYAQpREzMAUAUAEAMwKQAzAnACMAEAEiJTMwIwAhSgJkZKZmBEYAYAQpREzMAUAUAEAMwJwAzdcYEoAQA4BYAJm6VIAIzAhN1ICCXrgMzMjABABIiJTMwIDNw4ASQAAgAiZGRmZgDADACmbgQBEgAgATMCU3UgAgBGRuUABM3FgBABgAgBpeuAyN2YAJmAuYDIAKQABgPgFm60wHgATAWARMBYBAzMjIiMjJTMwHDNw6QAQAIpet72xgEyN1ZgRAAmA0AEYDQAJmAGAEACYAIAJESmZgOABCmED2HqAABMjIyMlMzAdM3HgCgAiZulSAAMwITdMAEl64BMzAHAHADAFN1xgOgBm6swHQAjAgADMB4AIAEAk3VmA0ACYDQAJgMgBG6wwFwATAXABMBYAI3WGAoACYBgApuuMBIAEwClMzAMM3DpAAGAWACIAIsYCAAJgIABGAcACYAwAQpMLGQAZkpmYBBm4dIAAAETIyUzMA0wEAAhSYWN1pgHAAmAMAGKmZgEGbh0gAgARUzMAswBgAxSYWFjAGACEzMiIjIyMjIyMjIyUzMBMyMjIyMjIyMjIyMjIyMjIyMjIyMjIyMjIyMjIyMjIyMjIyMjIyMjJTMwOjNw6QAAAImRkZGRkZKZmCAZuHSACMEE3VGYHhgfAaJAACZmZGRkZGRkZGRkZGRkREZGRkZGRkZGRkZGRkZGSmZgumbh0gADBcABEyMjIyUzMGQwZwAhMlMzBiM3XgBJhA9h5gAATIyMjIyMjIyMjIyMjIyMjJTMwcjNxIBZm4AAEAMVMzByUzMHJTMwcjNx4ByRBABM3HgDJEQAUoCZuPAJSIQAUoCZGSmZg6GbrzdMAibpgARUzMHQzdeBEBOJm68B4CcUoCxkZmYFwAIARERkpmYPCmZg9gAilEUoCmAED2HqAABM3SpAAGYPhumABS9cBmZgWgBAAkRGSmZg9mbhwAUgABTABA9h6gAATN0qQABmD+bqAAUvXAZuAACABAsApMDEB8wMAGhYWN1pg7AAmDcZKZmDiZuHSAAMHAAEQARYzBeAGSIEAN1pg6AAmDYZKZmDeZuHSAAMG4AEQARYzBcABSIEAN1Zg3gBG64wbQATBwAXN1Zg2ABG64wagATBtAQN1pg2AAmDIZKZmDOZuHSAAMGYAEQARYzBUABSJADdWYM4AZuuMGUAIwaQFTBnAUFjBaADFjBlABMGUAIwYwATBbABFjBhABMFlTMwWzNw6QAhgtAAiACLGC+ACYL4ARurMF0AEwXQAjBbABMFMAU3VmCyACYLIARgrgAmCeAEYKwAhgqABkSmZgmmbkAAgARTBA9h5gAAVMzBNM3HgBAAimAED2HqAABTBA9h7gAAwAQASIiJTMwUQBBADEyMjIyMzMwCQCQAzMzMAoAcAEAIAYAUAYAU3XGCkAGbrTBSACMFUAUwUwBDABABIiIiUzMFAAUTMFEzdgbqQBDdQAGl63vbGATIyMjJTMwUTN15mAKAQACmBA9h5gAATMFUzdgbqQCDdQAOASKmZgombjwCAARMjJTMwUzNw6QAAAImRkZgsmbsDdSAYbqAAQBzdaYLIAJgogBCAKYKIAJmYAwBAA4AQmYKpm7A3UgAm6gAIzMzMAoAoAMAgAcAYAU3XGCiAGbrTBRACMFQAYwUgBTABABIiIlMzBNAEEAMTIyMjIzMzAJAJADMzMwCgBwAQAgBgBQBgBTdcYJwAZurME4AIwUQBTBPAEMAEAEiIiJTMwTABRMwTTN2BupAEN0wAaXre9sYBMjIyMlMzBNM3XmYAoBAAKYED2HmAABMwUTN2BupAIN0wA4BIqZmCaZuPAIABEyMlMzBPM3DpAAAAiZGRmCqZuwN1IBhumABAHN1ZgqgAmCaAEIApgmgAmZgDAEADgBCZgombsDdSACbpgAjMzMwCgCgAwCABwBgBTdcYJoAZurME0AIwUABjBOAFIzACABSJADABABIiUzMEYAIUvW97YwCZGRkZKZmCOZuPAFABEAMTMEszdgbqQATdMAEZmAOAOAGAKbrjBHADN1ZgjgBGCUAGYJAAQAICYCImSUTBFABMzIwAQASIjIyUzMEQzdeZggGCEAEkAIAGIAgmZgCgCgAgBmCSAGYI4AQERm6VIAQzBDABS9cBm6VIAAzBCAKMwQjN0qQARmCEBMZghG6gzcAACkGwCJeuBL1wG60wQgATA6UzMDwzcOkAEYHYAIgAixggAAmBwAEJkZGRkZGRkZuJAFABN1pgigAmB6pmYH5m4dIAIwPgARABFjBDABMDsAc3WmCCACYIIAJgcADmBwAMYHoAJgegBGB2ACYGYCJkZGRkZGSmZgdGbh0gAAARMjJTMwPDMyMAEAEiJTMwQgAhSgJkZKZmCCZuPACADFKImZgCgCgAgBmCMAGbrjBEACAWABEAsWN1xggAAmBwASKmZgdGbh0gAgARMjIyMjIyMjJTMwQjNw5mZERkZGYCYAKQABmAiACRmBqACAGZgGgBgBG6szA+MEAzA+MEAAFIAJIAIAcAVIAIQERYwRgATA+MlMzBBM3DpAAGCAACIAIsZgYgTEZuvMwPTA/ABSAAACMEQAEwPDJTMwPzNw6QABgfAAiACLGYHRgeAZJABG64wQgATBCACN1xggAAmBwASJkZGRkZGSmZggGbhzMwBgIAAQBEgARMlMzBBM3DpAAAAiZGSmZghmbhzMwCQIwBAAUgAhM3SpACGYI5upABS9cAsbrjBHABMD8yUzMEIzcOkAAYIIAIgAixmB6YH4GqQAgmQCJgfgHGB+AaLG64wRAATA8UzMD4zcOkAEYHoAIgAixmByYHYCCQABuuMEEAEwOQCiIjIyMwCwAUgADMAkAEjMC0AEAMzAFADACMDgAgiMwAwAgATABABIiUzMDwAIUwAQPYeoAAEyMjIyUzMD0zceAKACJm6VIAAzBBN0wASXrgEzMAcAcAMAU3XGB6AGbqzA9ACMEAAMwPgAiIyUzMDgzcOkAEACKYAQPYeoAAEyMjAEABN1ZgfAAmBsAGYGwAREZKZmBuZuHSACABEAITI3WmB6ACYGoAZgagBGBwACYHAARgbAAmBcBGbqzA0ABMDQAIwMgATAqABMDAAEwMAATAnABMC0AEwJTJTMwKDNw6QABgTgAiACLGYDABpGbrzMCQwJgAUgAAEDdYYFYAJgVgBGBSACYFIAJgUAAmBOAEbqzAlABMCUAEwJAAjdYYEQAJgRAAmBCAEbrDAfABMBcAUwHQATAVUzMBczcOkAEYCwAIgAixgNgAmA2AEYDIAJgIgEikwsRGYAYAQAJgAgAkRKZmAsAEKYED2HqAABMjIyMlMzAXM3HgCgAiZulSAAMwGzdQAEl64BMzAHAHADAFN1xgLgBm60wFwAjAaADMBgAIwAQASIlMzAUACFMBA9h6gAATIyUzMBMwAwAhM3SpAAGYC4ASXrgEzMAUAUAEAMwGAAzAWACMgBjJTMwDjNw6QAAAImRkZGSmZgKmAwAEJkZJMZKZmAoZuHSAAABFTMwFzASADFJhYVMzAUM3DpABAAiZGRkZKZmA2YDwAQmSTGAaAGLG60wHAATAcACMBoAEwEgAxYwEgAjALADFjAWABMBYAIwFAATAMAGFjAMAFMgBDJTMwDTNw6QAAAImRkZGRkZKZmAsYDIAQmRkkxkpmYCpm4dIAAAETIyUzMBowHQAhSYWN1xgNgAmAmAGKmZgKmbh0gAgARUzMBgwEwAxSYWFjATACMlMzAUM3DpAAAAiZGSmZgMmA4AEJkkxgFgAixgNAAmAkAIKmZgKGbh0gAgARUzMBcwEgBBSYWFjASADFjAXABMBcAIwFQATAVACM3DpABGAebqjATABMAsAQWMAsAMjJTMwDTNw6QAAAImRkZGSmZgKGAuAEJkkxkpmYCRm4dIAAAETIyUzMBcwGgAhSYWN1xgMAAmAgAILGAgAGLG60wFQATAVACMBMAEwCwAhYwCwASMlMzAJM3DpAAAAiZGSmZgHGAiAEKTCxuuMA8AEwBwAhUzMAkzcOkAEACJkZGRkpmYCBgJgBCkwsbrjARABMBEAI3XGAeACYA4AQqZmASZuHSAEABEyMlMzAOMBEAIUmFjdcYB4AJgDgBCxgDgAgBGAYYAoAJmACACkAARERmZgDmbhwAQAwDCMzMAUAUzcAAIkAEYBwAIAQARGAKbqgASMAM3VAAq5pVc6queVXPq6BXQq6IGf2Hmf2HmfWBxm56tzlDXjHTxMQZfWzAjB7lvnMJ4UJCoHsDVB/9h5gP/Yep/YeZ/YeYDYeoDYeoD//9h5n9h5n5/YeZ/YeZ/YeZ9YIK0ayB0rA5gBAShKW83qGP13RDE3reH1U+TGqHA+34aX/wD/2Hmf2Hmf2HqfWBwKsMEkFsVyGWnmpOW6PQqLz4YnZLxCpNjxgS1S/9h6gP+hQKFAGgAehIDYe5/YeZ/YeZ9YHGbnq3OUNeMdPExBl9bMCMHuW+cwnhQkKgewNUH/2HmA///YeoD//9h5n9h5n9h5n1ggrRrIHSsDmAEBKEpbzeoY/XdEMTet4fVT5MaocD7fhpf/Af/YeZ/YeZ/YeZ9YHGbnq3OUNeMdPExBl9bMCMHuW+cwnhQkKgewNUH/2HqA/6FAoUAbAAAAAlL4n+/YeYDYeoD///+f2Hmf2Hmf2HmfWCCtGsgdKwOYAQEoSlvN6hj9d0QxN63h9VPkxqhwPt+Gl/8A/9h5n9h5n9h6n1gcCrDBJBbFchlp5qTluj0Ki8+GJ2S8QqTY8YEtUv/YeoD/oUChQBoAHoSA2Huf2Hmf2HmfWBxm56tzlDXjHTxMQZfWzAjB7lvnMJ4UJCoHsDVB/9h5gP//2HqA////n9h5n9h5n9h6n1gcCrDBJBbFchlp5qTluj0Ki8+GJ2S8QqTY8YEtUv/YeoD/oUChQBoAHoSA2Huf2Hmf2HmfWBxm56tzlDXjHTxMQZfWzAjB7lvnMJ4UJCoHsDVB/9h6n9h5n9h5n1ggrRrIHSsDmAEBKEpbzeoY/XdEMTet4fVT5MaocD7fhpf/AP8aAmpjXf///9h6gP/YeZ/YeZ/YeZ9YHGbnq3OUNeMdPExBl9bMCMHuW+cwnhQkKgewNUH/2HqA/6FAoUAbAAAAAlJgCW/YeYDYeoD//6FAoUAaAJiWgKFAoUAAgKDYeZ/YeZ/Yep8bAAABiu31Nij/2HqA/9h5n9h6nxsAAAGK7fhDaP/YeYD//4Ch2Hqf2Hmf2HmfWCCtGsgdKwOYAQEoSlvN6hj9d0QxN63h9VPkxqhwPt+Gl/8A///Yep/YeZ/YeYDYeoDYeoD//6DYeZ9YIPVbs0C5gJZaMNkWL7Kwj49Wrbhl/cewyDh1orBjMAQ3///Yep/YeZ/YeZ9YIK0ayB0rA5gBAShKW83qGP13RDE3reH1U+TGqHA+34aX/wD/////gggA\" :| []))))))])"

Process finished with exit code 1