payment_vkey: "../stake_pool_setup/keys/payment-preprod.vkey"
payment_skey: "../stake_pool_setup/keys/payment-preprod.skey"

inputs:
  - a108bf0494b60644470747b84000690b21a4b68b16cb9f65f19d3444ef5aa8f6@1
collateral: a835a15f0cde03a6b4c14f2178dc01a98c184eaf854bcd5d2f3d589dcb7ec78c@0
locked: a108bf0494b60644470747b84000690b21a4b68b16cb9f65f19d3444ef5aa8f6@0

locked_on: "58dc010000323232323232323232322223232533300a3232533300c002100114a066e1d2002300c37546600e6012004900019b8748008c02cdd5198031804001240002930b1900299299980519b87480000044c8c94ccc03cc044008526163370e900118061baa300f0013008005163008004320033253330093370e900000089919299980718080010a4c2c66e1d2002300b3754601c002600e0062c600e0046600200290001111199980399b8700100300b233330050053370000890011806800801001118029baa001230033754002ae6955ceaab9e5573eae855d101"

ttl: 38422798
